
Microsoft Visual Studio Solution File, Format Version 12.00
# Visual Studio Version 17
VisualStudioVersion = 17.11.35312.102
MinimumVisualStudioVersion = 10.0.40219.1
Project("{FAE04EC0-301F-11D3-BF4B-00C04F79EFBC}") = "GenericSortedList.Logic", "GenericSortedList.Logic\GenericSortedList.Logic.csproj", "{818094D3-5E79-4828-814C-1B71E45EE0A6}"
EndProject
Project("{FAE04EC0-301F-11D3-BF4B-00C04F79EFBC}") = "GenericSortedList.UnitTests", "GenericSortedList.UnitTests\GenericSortedList.UnitTests.csproj", "{AEED009D-F0D1-478F-8FA4-5F9D801F0691}"
EndProject
Global
	GlobalSection(SolutionConfigurationPlatforms) = preSolution
		Debug|Any CPU = Debug|Any CPU
		Release|Any CPU = Release|Any CPU
	EndGlobalSection
	GlobalSection(ProjectConfigurationPlatforms) = postSolution
		{818094D3-5E79-4828-814C-1B71E45EE0A6}.Debug|Any CPU.ActiveCfg = Debug|Any CPU
		{818094D3-5E79-4828-814C-1B71E45EE0A6}.Debug|Any CPU.Build.0 = Debug|Any CPU
		{818094D3-5E79-4828-814C-1B71E45EE0A6}.Release|Any CPU.ActiveCfg = Release|Any CPU
		{818094D3-5E79-4828-814C-1B71E45EE0A6}.Release|Any CPU.Build.0 = Release|Any CPU
		{AEED009D-F0D1-478F-8FA4-5F9D801F0691}.Debug|Any CPU.ActiveCfg = Debug|Any CPU
		{AEED009D-F0D1-478F-8FA4-5F9D801F0691}.Debug|Any CPU.Build.0 = Debug|Any CPU
		{AEED009D-F0D1-478F-8FA4-5F9D801F0691}.Release|Any CPU.ActiveCfg = Release|Any CPU
		{AEED009D-F0D1-478F-8FA4-5F9D801F0691}.Release|Any CPU.Build.0 = Release|Any CPU
	EndGlobalSection
	GlobalSection(SolutionProperties) = preSolution
		HideSolutionNode = FALSE
	EndGlobalSection
	GlobalSection(ExtensibilityGlobals) = postSolution
		SolutionGuid = {E18A5CB5-B630-4D1F-920C-8F6E52BB380B}
	EndGlobalSection
EndGlobal
